
Microsoft Visual Studio Solution File, Format Version 12.00
# Visual Studio Version 17
VisualStudioVersion = 17.8.34330.188
MinimumVisualStudioVersion = 10.0.40219.1
Project("{9A19103F-16F7-4668-BE54-9A1E7A4F7556}") = "SqlAssistant", "SqlAssistant\SqlAssistant.csproj", "{FD1FBCA8-6FAA-4C30-8376-CAE234E7DC52}"
EndProject
Project("{FAE04EC0-301F-11D3-BF4B-00C04F79EFBC}") = "SqlAssistant.Tests", "SqlAssistant.Tests\SqlAssistant.Tests.csproj", "{9F992A29-A7F7-443E-A705-00CD840387F9}"
EndProject
Global
	GlobalSection(SolutionConfigurationPlatforms) = preSolution
		Debug|Any CPU = Debug|Any CPU
		Release|Any CPU = Release|Any CPU
	EndGlobalSection
	GlobalSection(ProjectConfigurationPlatforms) = postSolution
		{FD1FBCA8-6FAA-4C30-8376-CAE234E7DC52}.Debug|Any CPU.ActiveCfg = Debug|Any CPU
		{FD1FBCA8-6FAA-4C30-8376-CAE234E7DC52}.Debug|Any CPU.Build.0 = Debug|Any CPU
		{FD1FBCA8-6FAA-4C30-8376-CAE234E7DC52}.Debug|Any CPU.Deploy.0 = Debug|Any CPU
		{FD1FBCA8-6FAA-4C30-8376-CAE234E7DC52}.Release|Any CPU.ActiveCfg = Release|Any CPU
		{FD1FBCA8-6FAA-4C30-8376-CAE234E7DC52}.Release|Any CPU.Build.0 = Release|Any CPU
		{FD1FBCA8-6FAA-4C30-8376-CAE234E7DC52}.Release|Any CPU.Deploy.0 = Release|Any CPU
		{9F992A29-A7F7-443E-A705-00CD840387F9}.Debug|Any CPU.ActiveCfg = Debug|Any CPU
		{9F992A29-A7F7-443E-A705-00CD840387F9}.Debug|Any CPU.Build.0 = Debug|Any CPU
		{9F992A29-A7F7-443E-A705-00CD840387F9}.Release|Any CPU.ActiveCfg = Release|Any CPU
		{9F992A29-A7F7-443E-A705-00CD840387F9}.Release|Any CPU.Build.0 = Release|Any CPU
	EndGlobalSection
	GlobalSection(SolutionProperties) = preSolution
		HideSolutionNode = FALSE
	EndGlobalSection
	GlobalSection(ExtensibilityGlobals) = postSolution
		SolutionGuid = {5337B3F4-D558-4973-BFE3-D3C601D6649D}
	EndGlobalSection
EndGlobal
